
Microsoft Visual Studio Solution File, Format Version 12.00
# Visual Studio Version 16
VisualStudioVersion = 16.0.30011.22
MinimumVisualStudioVersion = 10.0.40219.1
Project("{9A19103F-16F7-4668-BE54-9A1E7A4F7556}") = "NugetUtility", "src\NugetUtility.csproj", "{03100542-3DCF-4DFF-8357-9862CCB7EDC4}"
EndProject
Project("{FAE04EC0-301F-11D3-BF4B-00C04F79EFBC}") = "NugetUtility.Tests", "tests\NugetUtility.Tests\NugetUtility.Tests.csproj", "{469490F0-DD86-4FAD-ADBD-D8D151F9EADA}"
EndProject
Global
	GlobalSection(SolutionConfigurationPlatforms) = preSolution
		Debug|Any CPU = Debug|Any CPU
		Release|Any CPU = Release|Any CPU
	EndGlobalSection
	GlobalSection(ProjectConfigurationPlatforms) = postSolution
		{03100542-3DCF-4DFF-8357-9862CCB7EDC4}.Debug|Any CPU.ActiveCfg = Debug|Any CPU
		{03100542-3DCF-4DFF-8357-9862CCB7EDC4}.Debug|Any CPU.Build.0 = Debug|Any CPU
		{03100542-3DCF-4DFF-8357-9862CCB7EDC4}.Release|Any CPU.ActiveCfg = Release|Any CPU
		{03100542-3DCF-4DFF-8357-9862CCB7EDC4}.Release|Any CPU.Build.0 = Release|Any CPU
		{469490F0-DD86-4FAD-ADBD-D8D151F9EADA}.Debug|Any CPU.ActiveCfg = Debug|Any CPU
		{469490F0-DD86-4FAD-ADBD-D8D151F9EADA}.Debug|Any CPU.Build.0 = Debug|Any CPU
		{469490F0-DD86-4FAD-ADBD-D8D151F9EADA}.Release|Any CPU.ActiveCfg = Release|Any CPU
		{469490F0-DD86-4FAD-ADBD-D8D151F9EADA}.Release|Any CPU.Build.0 = Release|Any CPU
	EndGlobalSection
	GlobalSection(SolutionProperties) = preSolution
		HideSolutionNode = FALSE
	EndGlobalSection
	GlobalSection(ExtensibilityGlobals) = postSolution
		SolutionGuid = {700E1E7A-220C-47D2-9D2B-EF080CD42ACA}
	EndGlobalSection
EndGlobal
