Microsoft Visual Studio Solution File, Format Version 12.00
# Visual Studio Version 17
VisualStudioVersion = 17.0.32112.339
MinimumVisualStudioVersion = 10.0.40219.1
Project("{9A19103F-16F7-4668-BE54-9A1E7A4F7556}") = "NuGetUtility", "src\NuGetUtility\NuGetUtility.csproj", "{E9F108AD-CE14-4BDD-B674-A1CDDE8B27EC}"
EndProject
Project("{9A19103F-16F7-4668-BE54-9A1E7A4F7556}") = "NuGetUtility.Test", "tests\NuGetUtility.Test\NuGetUtility.Test.csproj", "{1EBC8E4A-7677-4AF9-9C37-0CF81A9A689E}"
EndProject
Project("{2150E333-8FDC-42A3-9474-1A3956D46DE8}") = "src", "src", "{D2AB2D00-1F48-487D-BFE0-99FDB4E071CC}"
EndProject
Project("{2150E333-8FDC-42A3-9474-1A3956D46DE8}") = "tests", "tests", "{C00E0699-ACCD-44CD-91A7-243A30504DB9}"
EndProject
Project("{2150E333-8FDC-42A3-9474-1A3956D46DE8}") = "targets", "targets", "{FA92392F-D895-4D1E-A5ED-E6DC3C08223E}"
EndProject
Project("{9A19103F-16F7-4668-BE54-9A1E7A4F7556}") = "PackageReferenceProject", "tests\targets\PackageReferenceProject\PackageReferenceProject.csproj", "{80E2DA74-CA6D-45EC-9272-00C93A574997}"
EndProject
Project("{9A19103F-16F7-4668-BE54-9A1E7A4F7556}") = "ProjectWithoutNugetReferences", "tests\targets\ProjectWithoutNugetReferences\ProjectWithoutNugetReferences.csproj", "{FD8ECE33-D357-4611-A909-D9EE9415FB26}"
EndProject
Project("{FAE04EC0-301F-11D3-BF4B-00C04F79EFBC}") = "PackagesConfigProject", "tests\targets\PackagesConfigProject\PackagesConfigProject.csproj", "{BBB24A05-8A1F-4840-8C70-BEFE3F0B8F5D}"
EndProject
Project("{9A19103F-16F7-4668-BE54-9A1E7A4F7556}") = "ProjectWithTransitiveReferences", "tests\targets\ProjectWithTransitiveReferences\ProjectWithTransitiveReferences.csproj", "{3DDEC6CB-4FDA-49D1-A358-06BE9200C174}"
EndProject
Project("{9A19103F-16F7-4668-BE54-9A1E7A4F7556}") = "ProjectWithTransitiveNuget", "tests\targets\ProjectWithTransitiveNuget\ProjectWithTransitiveNuget.csproj", "{3150479E-4370-408D-8A93-7C0CDC281CC3}"
EndProject
Project("{2150E333-8FDC-42A3-9474-1A3956D46DE8}") = "Solution Items", "Solution Items", "{5771A2C3-38B3-41CA-B76B-9C002D3C2873}"
	ProjectSection(SolutionItems) = preProject
		.editorconfig = .editorconfig
		.globalconfig = .globalconfig
		README.md = README.md
	EndProjectSection
EndProject
Global
	GlobalSection(SolutionConfigurationPlatforms) = preSolution
		Debug|Any CPU = Debug|Any CPU
		Release|Any CPU = Release|Any CPU
		TestWindows|Any CPU = TestWindows|Any CPU
	EndGlobalSection
	GlobalSection(ProjectConfigurationPlatforms) = postSolution
		{E9F108AD-CE14-4BDD-B674-A1CDDE8B27EC}.Debug|Any CPU.ActiveCfg = Debug|Any CPU
		{E9F108AD-CE14-4BDD-B674-A1CDDE8B27EC}.Debug|Any CPU.Build.0 = Debug|Any CPU
		{E9F108AD-CE14-4BDD-B674-A1CDDE8B27EC}.Release|Any CPU.ActiveCfg = Release|Any CPU
		{E9F108AD-CE14-4BDD-B674-A1CDDE8B27EC}.Release|Any CPU.Build.0 = Release|Any CPU
		{E9F108AD-CE14-4BDD-B674-A1CDDE8B27EC}.TestWindows|Any CPU.ActiveCfg = TestWindows|Any CPU
		{E9F108AD-CE14-4BDD-B674-A1CDDE8B27EC}.TestWindows|Any CPU.Build.0 = TestWindows|Any CPU
		{1EBC8E4A-7677-4AF9-9C37-0CF81A9A689E}.Debug|Any CPU.ActiveCfg = Debug|Any CPU
		{1EBC8E4A-7677-4AF9-9C37-0CF81A9A689E}.Debug|Any CPU.Build.0 = Debug|Any CPU
		{1EBC8E4A-7677-4AF9-9C37-0CF81A9A689E}.Release|Any CPU.ActiveCfg = Release|Any CPU
		{1EBC8E4A-7677-4AF9-9C37-0CF81A9A689E}.Release|Any CPU.Build.0 = Release|Any CPU
		{1EBC8E4A-7677-4AF9-9C37-0CF81A9A689E}.TestWindows|Any CPU.ActiveCfg = TestWindows|Any CPU
		{1EBC8E4A-7677-4AF9-9C37-0CF81A9A689E}.TestWindows|Any CPU.Build.0 = TestWindows|Any CPU
		{80E2DA74-CA6D-45EC-9272-00C93A574997}.Debug|Any CPU.ActiveCfg = Debug|Any CPU
		{80E2DA74-CA6D-45EC-9272-00C93A574997}.Debug|Any CPU.Build.0 = Debug|Any CPU
		{80E2DA74-CA6D-45EC-9272-00C93A574997}.Release|Any CPU.ActiveCfg = Release|Any CPU
		{80E2DA74-CA6D-45EC-9272-00C93A574997}.Release|Any CPU.Build.0 = Release|Any CPU
		{80E2DA74-CA6D-45EC-9272-00C93A574997}.TestWindows|Any CPU.ActiveCfg = TestWindows|Any CPU
		{80E2DA74-CA6D-45EC-9272-00C93A574997}.TestWindows|Any CPU.Build.0 = TestWindows|Any CPU
		{FD8ECE33-D357-4611-A909-D9EE9415FB26}.Debug|Any CPU.ActiveCfg = Debug|Any CPU
		{FD8ECE33-D357-4611-A909-D9EE9415FB26}.Debug|Any CPU.Build.0 = Debug|Any CPU
		{FD8ECE33-D357-4611-A909-D9EE9415FB26}.Release|Any CPU.ActiveCfg = Release|Any CPU
		{FD8ECE33-D357-4611-A909-D9EE9415FB26}.Release|Any CPU.Build.0 = Release|Any CPU
		{FD8ECE33-D357-4611-A909-D9EE9415FB26}.TestWindows|Any CPU.ActiveCfg = TestWindows|Any CPU
		{FD8ECE33-D357-4611-A909-D9EE9415FB26}.TestWindows|Any CPU.Build.0 = TestWindows|Any CPU
		{BBB24A05-8A1F-4840-8C70-BEFE3F0B8F5D}.Debug|Any CPU.ActiveCfg = Debug|Any CPU
		{BBB24A05-8A1F-4840-8C70-BEFE3F0B8F5D}.Release|Any CPU.ActiveCfg = Release|Any CPU
		{BBB24A05-8A1F-4840-8C70-BEFE3F0B8F5D}.TestWindows|Any CPU.ActiveCfg = TestWindows|Any CPU
		{BBB24A05-8A1F-4840-8C70-BEFE3F0B8F5D}.TestWindows|Any CPU.Build.0 = TestWindows|Any CPU
		{3DDEC6CB-4FDA-49D1-A358-06BE9200C174}.Debug|Any CPU.ActiveCfg = Debug|Any CPU
		{3DDEC6CB-4FDA-49D1-A358-06BE9200C174}.Debug|Any CPU.Build.0 = Debug|Any CPU
		{3DDEC6CB-4FDA-49D1-A358-06BE9200C174}.Release|Any CPU.ActiveCfg = Release|Any CPU
		{3DDEC6CB-4FDA-49D1-A358-06BE9200C174}.Release|Any CPU.Build.0 = Release|Any CPU
		{3DDEC6CB-4FDA-49D1-A358-06BE9200C174}.TestWindows|Any CPU.ActiveCfg = TestWindows|Any CPU
		{3DDEC6CB-4FDA-49D1-A358-06BE9200C174}.TestWindows|Any CPU.Build.0 = TestWindows|Any CPU
		{3150479E-4370-408D-8A93-7C0CDC281CC3}.Debug|Any CPU.ActiveCfg = Debug|Any CPU
		{3150479E-4370-408D-8A93-7C0CDC281CC3}.Debug|Any CPU.Build.0 = Debug|Any CPU
		{3150479E-4370-408D-8A93-7C0CDC281CC3}.Release|Any CPU.ActiveCfg = Release|Any CPU
		{3150479E-4370-408D-8A93-7C0CDC281CC3}.Release|Any CPU.Build.0 = Release|Any CPU
		{3150479E-4370-408D-8A93-7C0CDC281CC3}.TestWindows|Any CPU.ActiveCfg = TestWindows|Any CPU
		{3150479E-4370-408D-8A93-7C0CDC281CC3}.TestWindows|Any CPU.Build.0 = TestWindows|Any CPU
	EndGlobalSection
	GlobalSection(SolutionProperties) = preSolution
		HideSolutionNode = FALSE
	EndGlobalSection
	GlobalSection(NestedProjects) = preSolution
		{E9F108AD-CE14-4BDD-B674-A1CDDE8B27EC} = {D2AB2D00-1F48-487D-BFE0-99FDB4E071CC}
		{1EBC8E4A-7677-4AF9-9C37-0CF81A9A689E} = {C00E0699-ACCD-44CD-91A7-243A30504DB9}
		{FA92392F-D895-4D1E-A5ED-E6DC3C08223E} = {C00E0699-ACCD-44CD-91A7-243A30504DB9}
		{80E2DA74-CA6D-45EC-9272-00C93A574997} = {FA92392F-D895-4D1E-A5ED-E6DC3C08223E}
		{FD8ECE33-D357-4611-A909-D9EE9415FB26} = {FA92392F-D895-4D1E-A5ED-E6DC3C08223E}
		{BBB24A05-8A1F-4840-8C70-BEFE3F0B8F5D} = {FA92392F-D895-4D1E-A5ED-E6DC3C08223E}
		{3DDEC6CB-4FDA-49D1-A358-06BE9200C174} = {FA92392F-D895-4D1E-A5ED-E6DC3C08223E}
		{3150479E-4370-408D-8A93-7C0CDC281CC3} = {FA92392F-D895-4D1E-A5ED-E6DC3C08223E}
	EndGlobalSection
	GlobalSection(ExtensibilityGlobals) = postSolution
		SolutionGuid = {70887D40-0182-4C32-BFA1-B5A02E405F11}
	EndGlobalSection
EndGlobal
